
Microsoft Visual Studio Solution File, Format Version 12.00
# Visual Studio Version 17
VisualStudioVersion = 17.2.32616.157
MinimumVisualStudioVersion = 10.0.40219.1
Project("{FAE04EC0-301F-11D3-BF4B-00C04F79EFBC}") = "MedidoresInteligentes", "MedidoresInteligentes\MedidoresInteligentes.csproj", "{4AB04267-8037-4138-8339-74F6F07CA7B8}"
EndProject
Global
	GlobalSection(SolutionConfigurationPlatforms) = preSolution
		Debug|Any CPU = Debug|Any CPU
		Release|Any CPU = Release|Any CPU
	EndGlobalSection
	GlobalSection(ProjectConfigurationPlatforms) = postSolution
		{4AB04267-8037-4138-8339-74F6F07CA7B8}.Debug|Any CPU.ActiveCfg = Debug|Any CPU
		{4AB04267-8037-4138-8339-74F6F07CA7B8}.Debug|Any CPU.Build.0 = Debug|Any CPU
		{4AB04267-8037-4138-8339-74F6F07CA7B8}.Release|Any CPU.ActiveCfg = Release|Any CPU
		{4AB04267-8037-4138-8339-74F6F07CA7B8}.Release|Any CPU.Build.0 = Release|Any CPU
	EndGlobalSection
	GlobalSection(SolutionProperties) = preSolution
		HideSolutionNode = FALSE
	EndGlobalSection
	GlobalSection(ExtensibilityGlobals) = postSolution
		SolutionGuid = {C10C0291-7442-4226-B353-E5E00F45B7BA}
	EndGlobalSection
EndGlobal
